// !$*UTF8*$!
{
	archiveVersion = 1;
	classes = {
	};
	objectVersion = 46;
	objects = {

/* Begin PBXBuildFile section */
		1ABF475D145E3CB500ED9E28 /* main.cpp in Sources */ = {isa = PBXBuildFile; fileRef = 1ABF475C145E3CB500ED9E28 /* main.cpp */; };
		1ABF475F145E3CB500ED9E28 /* Capio.1 in CopyFiles */ = {isa = PBXBuildFile; fileRef = 1ABF475E145E3CB500ED9E28 /* Capio.1 */; };
/* End PBXBuildFile section */

/* Begin PBXCopyFilesBuildPhase section */
		1ABF4756145E3CB500ED9E28 /* CopyFiles */ = {
			isa = PBXCopyFilesBuildPhase;
			buildActionMask = 2147483647;
			dstPath = /usr/share/man/man1/;
			dstSubfolderSpec = 0;
			files = (
				1ABF475F145E3CB500ED9E28 /* Capio.1 in CopyFiles */,
			);
			runOnlyForDeploymentPostprocessing = 1;
		};
/* End PBXCopyFilesBuildPhase section */

/* Begin PBXFileReference section */
		1ABF4758145E3CB500ED9E28 /* Capio */ = {isa = PBXFileReference; explicitFileType = "compiled.mach-o.executable"; includeInIndex = 0; path = Capio; sourceTree = BUILT_PRODUCTS_DIR; };
		1ABF475C145E3CB500ED9E28 /* main.cpp */ = {isa = PBXFileReference; lastKnownFileType = sourcecode.cpp.cpp; path = main.cpp; sourceTree = "<group>"; };
		1ABF475E145E3CB500ED9E28 /* Capio.1 */ = {isa = PBXFileReference; lastKnownFileType = text.man; path = Capio.1; sourceTree = "<group>"; };
/* End PBXFileReference section */

/* Begin PBXFrameworksBuildPhase section */
		1ABF4755145E3CB500ED9E28 /* Frameworks */ = {
			isa = PBXFrameworksBuildPhase;
			buildActionMask = 2147483647;
			files = (
			);
			runOnlyForDeploymentPostprocessing = 0;
		};
/* End PBXFrameworksBuildPhase section */

/* Begin PBXGroup section */
		1ABF474D145E3CB500ED9E28 = {
			isa = PBXGroup;
			children = (
				1ABF475B145E3CB500ED9E28 /* Capio */,
				1ABF4759145E3CB500ED9E28 /* Products */,
			);
			sourceTree = "<group>";
		};
		1ABF4759145E3CB500ED9E28 /* Products */ = {
			isa = PBXGroup;
			children = (
				1ABF4758145E3CB500ED9E28 /* Capio */,
			);
			name = Products;
			sourceTree = "<group>";
		};
		1ABF475B145E3CB500ED9E28 /* Capio */ = {
			isa = PBXGroup;
			children = (
				1ABF475C145E3CB500ED9E28 /* main.cpp */,
				1ABF475E145E3CB500ED9E28 /* Capio.1 */,
			);
			path = Capio;
			sourceTree = "<group>";
		};
/* End PBXGroup section */

/* Begin PBXNativeTarget section */
		1ABF4757145E3CB500ED9E28 /* Capio */ = {
			isa = PBXNativeTarget;
			buildConfigurationList = 1ABF4762145E3CB500ED9E28 /* Build configuration list for PBXNativeTarget "Capio" */;
			buildPhases = (
				1ABF4754145E3CB500ED9E28 /* Sources */,
				1ABF4755145E3CB500ED9E28 /* Frameworks */,
				1ABF4756145E3CB500ED9E28 /* CopyFiles */,
			);
			buildRules = (
			);
			dependencies = (
			);
			name = Capio;
			productName = Capio;
			productReference = 1ABF4758145E3CB500ED9E28 /* Capio */;
			productType = "com.apple.product-type.tool";
		};
/* End PBXNativeTarget section */

/* Begin PBXProject section */
		1ABF474F145E3CB500ED9E28 /* Project object */ = {
			isa = PBXProject;
			buildConfigurationList = 1ABF4752145E3CB500ED9E28 /* Build configuration list for PBXProject "Capio" */;
			compatibilityVersion = "Xcode 3.2";
			developmentRegion = English;
			hasScannedForEncodings = 0;
			knownRegions = (
				en,
			);
			mainGroup = 1ABF474D145E3CB500ED9E28;
			productRefGroup = 1ABF4759145E3CB500ED9E28 /* Products */;
			projectDirPath = "";
			projectRoot = "";
			targets = (
				1ABF4757145E3CB500ED9E28 /* Capio */,
			);
		};
/* End PBXProject section */

/* Begin PBXSourcesBuildPhase section */
		1ABF4754145E3CB500ED9E28 /* Sources */ = {
			isa = PBXSourcesBuildPhase;
			buildActionMask = 2147483647;
			files = (
				1ABF475D145E3CB500ED9E28 /* main.cpp in Sources */,
			);
			runOnlyForDeploymentPostprocessing = 0;
		};
/* End PBXSourcesBuildPhase section */

/* Begin XCBuildConfiguration section */
		1ABF4760145E3CB500ED9E28 /* Debug */ = {
			isa = XCBuildConfiguration;
			buildSettings = {
				ALWAYS_SEARCH_USER_PATHS = NO;
				ARCHS = "$(ARCHS_STANDARD_64_BIT)";
				COPY_PHASE_STRIP = NO;
				GCC_C_LANGUAGE_STANDARD = gnu99;
				GCC_DYNAMIC_NO_PIC = NO;
				GCC_ENABLE_OBJC_EXCEPTIONS = YES;
				GCC_OPTIMIZATION_LEVEL = 0;
				GCC_PREPROCESSOR_DEFINITIONS = (
					"DEBUG=1",
					"$(inherited)",
				);
				GCC_SYMBOLS_PRIVATE_EXTERN = NO;
				GCC_VERSION = com.apple.compilers.llvm.clang.1_0;
				GCC_WARN_64_TO_32_BIT_CONVERSION = YES;
				GCC_WARN_ABOUT_MISSING_PROTOTYPES = YES;
				GCC_WARN_ABOUT_RETURN_TYPE = YES;
				GCC_WARN_UNUSED_VARIABLE = YES;
				MACOSX_DEPLOYMENT_TARGET = 10.7;
				ONLY_ACTIVE_ARCH = YES;
				SDKROOT = macosx;
			};
			name = Debug;
		};
		1ABF4761145E3CB500ED9E28 /* Release */ = {
			isa = XCBuildConfiguration;
			buildSettings = {
				ALWAYS_SEARCH_USER_PATHS = NO;
				ARCHS = "$(ARCHS_STANDARD_64_BIT)";
				COPY_PHASE_STRIP = YES;
				DEBUG_INFORMATION_FORMAT = "dwarf-with-dsym";
				GCC_C_LANGUAGE_STANDARD = gnu99;
				GCC_ENABLE_OBJC_EXCEPTIONS = YES;
				GCC_VERSION = com.apple.compilers.llvm.clang.1_0;
				GCC_WARN_64_TO_32_BIT_CONVERSION = YES;
				GCC_WARN_ABOUT_MISSING_PROTOTYPES = YES;
				GCC_WARN_ABOUT_RETURN_TYPE = YES;
				GCC_WARN_UNUSED_VARIABLE = YES;
				MACOSX_DEPLOYMENT_TARGET = 10.7;
				SDKROOT = macosx;
			};
			name = Release;
		};
		1ABF4763145E3CB500ED9E28 /* Debug */ = {
			isa = XCBuildConfiguration;
			buildSettings = {
				PRODUCT_NAME = "$(TARGET_NAME)";
			};
			name = Debug;
		};
		1ABF4764145E3CB500ED9E28 /* Release */ = {
			isa = XCBuildConfiguration;
			buildSettings = {
				PRODUCT_NAME = "$(TARGET_NAME)";
			};
			name = Release;
		};
/* End XCBuildConfiguration section */

/* Begin XCConfigurationList section */
		1ABF4752145E3CB500ED9E28 /* Build configuration list for PBXProject "Capio" */ = {
			isa = XCConfigurationList;
			buildConfigurations = (
				1ABF4760145E3CB500ED9E28 /* Debug */,
				1ABF4761145E3CB500ED9E28 /* Release */,
			);
			defaultConfigurationIsVisible = 0;
			defaultConfigurationName = Release;
		};
		1ABF4762145E3CB500ED9E28 /* Build configuration list for PBXNativeTarget "Capio" */ = {
			isa = XCConfigurationList;
			buildConfigurations = (
				1ABF4763145E3CB500ED9E28 /* Debug */,
				1ABF4764145E3CB500ED9E28 /* Release */,
			);
			defaultConfigurationIsVisible = 0;
		};
/* End XCConfigurationList section */
	};
	rootObject = 1ABF474F145E3CB500ED9E28 /* Project object */;
}
